<?xml version="1.0" encoding="utf-8"?>
<Project ToolsVersion="4.0" xmlns="http://schemas.microsoft.com/developer/msbuild/2003">
  <ItemGroup>
    <Filter Include="Source Files">
      <UniqueIdentifier>{4FC737F1-C7A5-4376-A066-2A32D752A2FF}</UniqueIdentifier>
      <Extensions>cpp;c;cc;cxx;c++;cppm;ixx;def;odl;idl;hpj;bat;asm;asmx</Extensions>
    </Filter>
    <Filter Include="Header Files">
      <UniqueIdentifier>{93995380-89BD-4b04-88EB-625FBE52EBFB}</UniqueIdentifier>
      <Extensions>h;hh;hpp;hxx;h++;hm;inl;inc;ipp;xsd</Extensions>
    </Filter>
    <Filter Include="Resource Files">
      <UniqueIdentifier>{67DA6AB6-F800-4c08-8B7A-83BB121AAD01}</UniqueIdentifier>
      <Extensions>rc;ico;cur;bmp;dlg;rc2;rct;bin;rgs;gif;jpg;jpeg;jpe;resx;tiff;tif;png;wav;mfcribbon-ms</Extensions>
    </Filter>
  </ItemGroup>
  <ItemGroup>
    <ClCompile Include="1_print_multiplication_table.cpp">
      <Filter>Source Files</Filter>
    </ClCompile>
    <ClCompile Include="2_print_all_prime_numbers_from_nto1.cpp">
      <Filter>Source Files</Filter>
    </ClCompile>
    <ClCompile Include="3_perfect_number.cpp">
      <Filter>Source Files</Filter>
    </ClCompile>
    <ClCompile Include="4_print_all_prefect_numbers_from1to_n.cpp">
      <Filter>Source Files</Filter>
    </ClCompile>
    <ClCompile Include="5_check_digits_of_number_soln1.cpp">
      <Filter>Source Files</Filter>
    </ClCompile>
    <ClCompile Include="5_check_digits_of_number_soln2.cpp">
      <Filter>Source Files</Filter>
    </ClCompile>
    <ClCompile Include="6_sum_of_digit.cpp">
      <Filter>Source Files</Filter>
    </ClCompile>
    <ClCompile Include="7reverse_number.cpp">
      <Filter>Source Files</Filter>
    </ClCompile>
    <ClCompile Include="8digit_frequency_in_number.cpp">
      <Filter>Source Files</Filter>
    </ClCompile>
    <ClCompile Include="9_find_all_digit_frequency_in_number.cpp">
      <Filter>Source Files</Filter>
    </ClCompile>
    <ClCompile Include="10check_digits_of_number.cpp">
      <Filter>Source Files</Filter>
    </ClCompile>
    <ClCompile Include="11is_palindrome_number.cpp">
      <Filter>Source Files</Filter>
    </ClCompile>
    <ClCompile Include="12_inverted_pattern.cpp">
      <Filter>Source Files</Filter>
    </ClCompile>
    <ClCompile Include="13_normal_pattern.cpp">
      <Filter>Source Files</Filter>
    </ClCompile>
    <ClCompile Include="14_inverted_letter_pattern.cpp">
      <Filter>Source Files</Filter>
    </ClCompile>
    <ClCompile Include="15_normal_letter_pattern.cpp">
      <Filter>Source Files</Filter>
    </ClCompile>
    <ClCompile Include="16_aaa_to_zzz.cpp">
      <Filter>Source Files</Filter>
    </ClCompile>
    <ClCompile Include="17_guess_password.cpp">
      <Filter>Source Files</Filter>
    </ClCompile>
    <ClCompile Include="18_encryption_decryption.cpp">
      <Filter>Source Files</Filter>
    </ClCompile>
    <ClCompile Include="19_random_number.cpp">
      <Filter>Source Files</Filter>
    </ClCompile>
    <ClCompile Include="20get_random_selection.cpp">
      <Filter>Source Files</Filter>
    </ClCompile>
    <ClCompile Include="21_generate_keys.cpp">
      <Filter>Source Files</Filter>
    </ClCompile>
    <ClCompile Include="22_array_read_print_check_frq.cpp">
      <Filter>Source Files</Filter>
    </ClCompile>
    <ClCompile Include="23_fill_array_by_random_num.cpp">
      <Filter>Source Files</Filter>
    </ClCompile>
    <ClCompile Include="24max_num_in_array.cpp">
      <Filter>Source Files</Filter>
    </ClCompile>
    <ClCompile Include="25min_num_in_array.cpp">
      <Filter>Source Files</Filter>
    </ClCompile>
    <ClCompile Include="26sum_array.cpp">
      <Filter>Source Files</Filter>
    </ClCompile>
    <ClCompile Include="27avarage_array.cpp">
      <Filter>Source Files</Filter>
    </ClCompile>
    <ClCompile Include="28_copy_array.cpp">
      <Filter>Source Files</Filter>
    </ClCompile>
    <ClCompile Include="29_copy_prime_in_array.cpp">
      <Filter>Source Files</Filter>
    </ClCompile>
    <ClCompile Include="30_sum_num_in_two_array.cpp">
      <Filter>Source Files</Filter>
    </ClCompile>
    <ClCompile Include="31_shuffle_array.cpp">
      <Filter>Source Files</Filter>
    </ClCompile>
    <ClCompile Include="32_28_copy_array_in_reverse.cpp">
      <Filter>Source Files</Filter>
    </ClCompile>
    <ClCompile Include="33_generate_array_keys.cpp">
      <Filter>Source Files</Filter>
    </ClCompile>
    <ClCompile Include="34_search_num_in_array.cpp">
      <Filter>Source Files</Filter>
    </ClCompile>
    <ClCompile Include="35_is_number_in_array.cpp">
      <Filter>Source Files</Filter>
    </ClCompile>
    <ClCompile Include="36_simi_dynamic_array.cpp">
      <Filter>Source Files</Filter>
    </ClCompile>
    <ClCompile Include="37_copy_array_by_add_element_simi_dynamic.cpp">
      <Filter>Source Files</Filter>
    </ClCompile>
    <ClCompile Include="38_copy_odd_numbers_in_array_by_add_element.cpp">
      <Filter>Source Files</Filter>
    </ClCompile>
    <ClCompile Include="39_copy_prime_numbers_in_array_by_add_element.cpp">
      <Filter>Source Files</Filter>
    </ClCompile>
    <ClCompile Include="40_copy_distinct_num_in_array.cpp">
      <Filter>Source Files</Filter>
    </ClCompile>
    <ClCompile Include="41check_array_is_palindrome.cpp">
      <Filter>Source Files</Filter>
    </ClCompile>
    <ClCompile Include="42_count_odd_num_in_array.cpp">
      <Filter>Source Files</Filter>
    </ClCompile>
    <ClCompile Include="43count_even_numbers_in_array.cpp">
      <Filter>Source Files</Filter>
    </ClCompile>
    <ClCompile Include="44_count_positive_numbers_in_array.cpp">
      <Filter>Source Files</Filter>
    </ClCompile>
    <ClCompile Include="45count_negative_numbers_in_array.cpp">
      <Filter>Source Files</Filter>
    </ClCompile>
    <ClCompile Include="46_abs.cpp">
      <Filter>Source Files</Filter>
    </ClCompile>
  </ItemGroup>
</Project>